// !$*UTF8*$!
{
	archiveVersion = 1;
	classes = {
	};
	objectVersion = 77;
	objects = {

/* Begin PBXContainerItemProxy section */
		900658DC2CB928D5003B5A9B /* PBXContainerItemProxy */ = {
			isa = PBXContainerItemProxy;
			containerPortal = 900658BD2CB928D4003B5A9B /* Project object */;
			proxyType = 1;
			remoteGlobalIDString = 900658C42CB928D4003B5A9B;
			remoteInfo = splashscreen;
		};
		900658E62CB928D5003B5A9B /* PBXContainerItemProxy */ = {
			isa = PBXContainerItemProxy;
			containerPortal = 900658BD2CB928D4003B5A9B /* Project object */;
			proxyType = 1;
			remoteGlobalIDString = 900658C42CB928D4003B5A9B;
			remoteInfo = splashscreen;
		};
/* End PBXContainerItemProxy section */

/* Begin PBXFileReference section */
		900658C52CB928D4003B5A9B /* splashscreen.app */ = {isa = PBXFileReference; explicitFileType = wrapper.application; includeInIndex = 0; path = splashscreen.app; sourceTree = BUILT_PRODUCTS_DIR; };
		900658DB2CB928D5003B5A9B /* splashscreenTests.xctest */ = {isa = PBXFileReference; explicitFileType = wrapper.cfbundle; includeInIndex = 0; path = splashscreenTests.xctest; sourceTree = BUILT_PRODUCTS_DIR; };
		900658E52CB928D5003B5A9B /* splashscreenUITests.xctest */ = {isa = PBXFileReference; explicitFileType = wrapper.cfbundle; includeInIndex = 0; path = splashscreenUITests.xctest; sourceTree = BUILT_PRODUCTS_DIR; };
/* End PBXFileReference section */

/* Begin PBXFileSystemSynchronizedBuildFileExceptionSet section */
		900658ED2CB928D5003B5A9B /* Exceptions for "splashscreen" folder in "splashscreen" target */ = {
			isa = PBXFileSystemSynchronizedBuildFileExceptionSet;
			membershipExceptions = (
				Info.plist,
				"Untitled 2.swift",
			);
			target = 900658C42CB928D4003B5A9B /* splashscreen */;
		};
/* End PBXFileSystemSynchronizedBuildFileExceptionSet section */

/* Begin PBXFileSystemSynchronizedRootGroup section */
		900658C72CB928D4003B5A9B /* splashscreen */ = {
			isa = PBXFileSystemSynchronizedRootGroup;
			exceptions = (
				900658ED2CB928D5003B5A9B /* Exceptions for "splashscreen" folder in "splashscreen" target */,
			);
			path = splashscreen;
			sourceTree = "<group>";
		};
		900658DE2CB928D5003B5A9B /* splashscreenTests */ = {
			isa = PBXFileSystemSynchronizedRootGroup;
			path = splashscreenTests;
			sourceTree = "<group>";
		};
		900658E82CB928D5003B5A9B /* splashscreenUITests */ = {
			isa = PBXFileSystemSynchronizedRootGroup;
			path = splashscreenUITests;
			sourceTree = "<group>";
		};
/* End PBXFileSystemSynchronizedRootGroup section */

/* Begin PBXFrameworksBuildPhase section */
		900658C22CB928D4003B5A9B /* Frameworks */ = {
			isa = PBXFrameworksBuildPhase;
			buildActionMask = 2147483647;
			files = (
			);
			runOnlyForDeploymentPostprocessing = 0;
		};
		900658D82CB928D5003B5A9B /* Frameworks */ = {
			isa = PBXFrameworksBuildPhase;
			buildActionMask = 2147483647;
			files = (
			);
			runOnlyForDeploymentPostprocessing = 0;
		};
		900658E22CB928D5003B5A9B /* Frameworks */ = {
			isa = PBXFrameworksBuildPhase;
			buildActionMask = 2147483647;
			files = (
			);
			runOnlyForDeploymentPostprocessing = 0;
		};
/* End PBXFrameworksBuildPhase section */

/* Begin PBXGroup section */
		900658BC2CB928D4003B5A9B = {
			isa = PBXGroup;
			children = (
				900658C72CB928D4003B5A9B /* splashscreen */,
				900658DE2CB928D5003B5A9B /* splashscreenTests */,
				900658E82CB928D5003B5A9B /* splashscreenUITests */,
				900658C62CB928D4003B5A9B /* Products */,
			);
			sourceTree = "<group>";
		};
		900658C62CB928D4003B5A9B /* Products */ = {
			isa = PBXGroup;
			children = (
				900658C52CB928D4003B5A9B /* splashscreen.app */,
				900658DB2CB928D5003B5A9B /* splashscreenTests.xctest */,
				900658E52CB928D5003B5A9B /* splashscreenUITests.xctest */,
			);
			name = Products;
			sourceTree = "<group>";
		};
/* End PBXGroup section */

/* Begin PBXNativeTarget section */
		900658C42CB928D4003B5A9B /* splashscreen */ = {
			isa = PBXNativeTarget;
			buildConfigurationList = 900658EE2CB928D5003B5A9B /* Build configuration list for PBXNativeTarget "splashscreen" */;
			buildPhases = (
				900658C12CB928D4003B5A9B /* Sources */,
				900658C22CB928D4003B5A9B /* Frameworks */,
				900658C32CB928D4003B5A9B /* Resources */,
			);
			buildRules = (
			);
			dependencies = (
			);
			fileSystemSynchronizedGroups = (
				900658C72CB928D4003B5A9B /* splashscreen */,
			);
			name = splashscreen;
			packageProductDependencies = (
			);
			productName = splashscreen;
			productReference = 900658C52CB928D4003B5A9B /* splashscreen.app */;
			productType = "com.apple.product-type.application";
		};
		900658DA2CB928D5003B5A9B /* splashscreenTests */ = {
			isa = PBXNativeTarget;
			buildConfigurationList = 900658F32CB928D5003B5A9B /* Build configuration list for PBXNativeTarget "splashscreenTests" */;
			buildPhases = (
				900658D72CB928D5003B5A9B /* Sources */,
				900658D82CB928D5003B5A9B /* Frameworks */,
				900658D92CB928D5003B5A9B /* Resources */,
			);
			buildRules = (
			);
			dependencies = (
				900658DD2CB928D5003B5A9B /* PBXTargetDependency */,
			);
			fileSystemSynchronizedGroups = (
				900658DE2CB928D5003B5A9B /* splashscreenTests */,
			);
			name = splashscreenTests;
			packageProductDependencies = (
			);
			productName = splashscreenTests;
			productReference = 900658DB2CB928D5003B5A9B /* splashscreenTests.xctest */;
			productType = "com.apple.product-type.bundle.unit-test";
		};
		900658E42CB928D5003B5A9B /* splashscreenUITests */ = {
			isa = PBXNativeTarget;
			buildConfigurationList = 900658F62CB928D5003B5A9B /* Build configuration list for PBXNativeTarget "splashscreenUITests" */;
			buildPhases = (
				900658E12CB928D5003B5A9B /* Sources */,
				900658E22CB928D5003B5A9B /* Frameworks */,
				900658E32CB928D5003B5A9B /* Resources */,
			);
			buildRules = (
			);
			dependencies = (
				900658E72CB928D5003B5A9B /* PBXTargetDependency */,
			);
			fileSystemSynchronizedGroups = (
				900658E82CB928D5003B5A9B /* splashscreenUITests */,
			);
			name = splashscreenUITests;
			packageProductDependencies = (
			);
			productName = splashscreenUITests;
			productReference = 900658E52CB928D5003B5A9B /* splashscreenUITests.xctest */;
			productType = "com.apple.product-type.bundle.ui-testing";
		};
/* End PBXNativeTarget section */

/* Begin PBXProject section */
		900658BD2CB928D4003B5A9B /* Project object */ = {
			isa = PBXProject;
			attributes = {
				BuildIndependentTargetsInParallel = 1;
				LastSwiftUpdateCheck = 1600;
				LastUpgradeCheck = 1600;
				TargetAttributes = {
					900658C42CB928D4003B5A9B = {
						CreatedOnToolsVersion = 16.0;
					};
					900658DA2CB928D5003B5A9B = {
						CreatedOnToolsVersion = 16.0;
						TestTargetID = 900658C42CB928D4003B5A9B;
					};
					900658E42CB928D5003B5A9B = {
						CreatedOnToolsVersion = 16.0;
						TestTargetID = 900658C42CB928D4003B5A9B;
					};
				};
			};
			buildConfigurationList = 900658C02CB928D4003B5A9B /* Build configuration list for PBXProject "splashscreen" */;
			developmentRegion = en;
			hasScannedForEncodings = 0;
			knownRegions = (
				en,
				Base,
			);
			mainGroup = 900658BC2CB928D4003B5A9B;
			minimizedProjectReferenceProxies = 1;
			preferredProjectObjectVersion = 77;
			productRefGroup = 900658C62CB928D4003B5A9B /* Products */;
			projectDirPath = "";
			projectRoot = "";
			targets = (
				900658C42CB928D4003B5A9B /* splashscreen */,
				900658DA2CB928D5003B5A9B /* splashscreenTests */,
				900658E42CB928D5003B5A9B /* splashscreenUITests */,
			);
		};
/* End PBXProject section */

/* Begin PBXResourcesBuildPhase section */
		900658C32CB928D4003B5A9B /* Resources */ = {
			isa = PBXResourcesBuildPhase;
			buildActionMask = 2147483647;
			files = (
			);
			runOnlyForDeploymentPostprocessing = 0;
		};
		900658D92CB928D5003B5A9B /* Resources */ = {
			isa = PBXResourcesBuildPhase;
			buildActionMask = 2147483647;
			files = (
			);
			runOnlyForDeploymentPostprocessing = 0;
		};
		900658E32CB928D5003B5A9B /* Resources */ = {
			isa = PBXResourcesBuildPhase;
			buildActionMask = 2147483647;
			files = (
			);
			runOnlyForDeploymentPostprocessing = 0;
		};
/* End PBXResourcesBuildPhase section */

/* Begin PBXSourcesBuildPhase section */
		900658C12CB928D4003B5A9B /* Sources */ = {
			isa = PBXSourcesBuildPhase;
			buildActionMask = 2147483647;
			files = (
			);
			runOnlyForDeploymentPostprocessing = 0;
		};
		900658D72CB928D5003B5A9B /* Sources */ = {
			isa = PBXSourcesBuildPhase;
			buildActionMask = 2147483647;
			files = (
			);
			runOnlyForDeploymentPostprocessing = 0;
		};
		900658E12CB928D5003B5A9B /* Sources */ = {
			isa = PBXSourcesBuildPhase;
			buildActionMask = 2147483647;
			files = (
			);
			runOnlyForDeploymentPostprocessing = 0;
		};
/* End PBXSourcesBuildPhase section */

/* Begin PBXTargetDependency section */
		900658DD2CB928D5003B5A9B /* PBXTargetDependency */ = {
			isa = PBXTargetDependency;
			target = 900658C42CB928D4003B5A9B /* splashscreen */;
			targetProxy = 900658DC2CB928D5003B5A9B /* PBXContainerItemProxy */;
		};
		900658E72CB928D5003B5A9B /* PBXTargetDependency */ = {
			isa = PBXTargetDependency;
			target = 900658C42CB928D4003B5A9B /* splashscreen */;
			targetProxy = 900658E62CB928D5003B5A9B /* PBXContainerItemProxy */;
		};
/* End PBXTargetDependency section */

/* Begin XCBuildConfiguration section */
		900658EF2CB928D5003B5A9B /* Debug */ = {
			isa = XCBuildConfiguration;
			buildSettings = {
				ASSETCATALOG_COMPILER_APPICON_NAME = AppIcon;
				ASSETCATALOG_COMPILER_GLOBAL_ACCENT_COLOR_NAME = AccentColor;
				CODE_SIGN_STYLE = Automatic;
				CURRENT_PROJECT_VERSION = 1;
				GENERATE_INFOPLIST_FILE = YES;
				INFOPLIST_FILE = splashscreen/Info.plist;
				INFOPLIST_KEY_UIApplicationSupportsIndirectInputEvents = YES;
				INFOPLIST_KEY_UILaunchStoryboardName = Main.storyboard;
				INFOPLIST_KEY_UIMainStoryboardFile = Main;
				INFOPLIST_KEY_UISupportedInterfaceOrientations_iPad = "UIInterfaceOrientationPortrait UIInterfaceOrientationPortraitUpsideDown UIInterfaceOrientationLandscapeLeft UIInterfaceOrientationLandscapeRight";
				INFOPLIST_KEY_UISupportedInterfaceOrientations_iPhone = "UIInterfaceOrientationPortrait UIInterfaceOrientationLandscapeLeft UIInterfaceOrientationLandscapeRight";
				LD_RUNPATH_SEARCH_PATHS = (
					"$(inherited)",
					"@executable_path/Frameworks",
				);
				MARKETING_VERSION = 1.0;
				PRODUCT_BUNDLE_IDENTIFIER = "-223.splashscreen";
				PRODUCT_NAME = "$(TARGET_NAME)";
				SWIFT_EMIT_LOC_STRINGS = YES;
				SWIFT_VERSION = 5.0;
				TARGETED_DEVICE_FAMILY = "1,2";
			};
			name = Debug;
		};
		900658F02CB928D5003B5A9B /* Release */ = {
			isa = XCBuildConfiguration;
			buildSettings = {
				ASSETCATALOG_COMPILER_APPICON_NAME = AppIcon;
				ASSETCATALOG_COMPILER_GLOBAL_ACCENT_COLOR_NAME = AccentColor;
				CODE_SIGN_STYLE = Automatic;
				CURRENT_PROJECT_VERSION = 1;
				GENERATE_INFOPLIST_FILE = YES;
				INFOPLIST_FILE = splashscreen/Info.plist;
				INFOPLIST_KEY_UIApplicationSupportsIndirectInputEvents = YES;
				INFOPLIST_KEY_UILaunchStoryboardName = Main.storyboard;
				INFOPLIST_KEY_UIMainStoryboardFile = Main;
				INFOPLIST_KEY_UISupportedInterfaceOrientations_iPad = "UIInterfaceOrientationPortrait UIInterfaceOrientationPortraitUpsideDown UIInterfaceOrientationLandscapeLeft UIInterfaceOrientationLandscapeRight";
				INFOPLIST_KEY_UISupportedInterfaceOrientations_iPhone = "UIInterfaceOrientationPortrait UIInterfaceOrientationLandscapeLeft UIInterfaceOrientationLandscapeRight";
				LD_RUNPATH_SEARCH_PATHS = (
					"$(inherited)",
					"@executable_path/Frameworks",
				);
				MARKETING_VERSION = 1.0;
				PRODUCT_BUNDLE_IDENTIFIER = "-223.splashscreen";
				PRODUCT_NAME = "$(TARGET_NAME)";
				SWIFT_EMIT_LOC_STRINGS = YES;
				SWIFT_VERSION = 5.0;
				TARGETED_DEVICE_FAMILY = "1,2";
			};
			name = Release;
		};
		900658F12CB928D5003B5A9B /* Debug */ = {
			isa = XCBuildConfiguration;
			buildSettings = {
				ALWAYS_SEARCH_USER_PATHS = NO;
				ASSETCATALOG_COMPILER_GENERATE_SWIFT_ASSET_SYMBOL_EXTENSIONS = YES;
				CLANG_ANALYZER_NONNULL = YES;
				CLANG_ANALYZER_NUMBER_OBJECT_CONVERSION = YES_AGGRESSIVE;
				CLANG_CXX_LANGUAGE_STANDARD = "gnu++20";
				CLANG_ENABLE_MODULES = YES;
				CLANG_ENABLE_OBJC_ARC = YES;
				CLANG_ENABLE_OBJC_WEAK = YES;
				CLANG_WARN_BLOCK_CAPTURE_AUTORELEASING = YES;
				CLANG_WARN_BOOL_CONVERSION = YES;
				CLANG_WARN_COMMA = YES;
				CLANG_WARN_CONSTANT_CONVERSION = YES;
				CLANG_WARN_DEPRECATED_OBJC_IMPLEMENTATIONS = YES;
				CLANG_WARN_DIRECT_OBJC_ISA_USAGE = YES_ERROR;
				CLANG_WARN_DOCUMENTATION_COMMENTS = YES;
				CLANG_WARN_EMPTY_BODY = YES;
				CLANG_WARN_ENUM_CONVERSION = YES;
				CLANG_WARN_INFINITE_RECURSION = YES;
				CLANG_WARN_INT_CONVERSION = YES;
				CLANG_WARN_NON_LITERAL_NULL_CONVERSION = YES;
				CLANG_WARN_OBJC_IMPLICIT_RETAIN_SELF = YES;
				CLANG_WARN_OBJC_LITERAL_CONVERSION = YES;
				CLANG_WARN_OBJC_ROOT_CLASS = YES_ERROR;
				CLANG_WARN_QUOTED_INCLUDE_IN_FRAMEWORK_HEADER = YES;
				CLANG_WARN_RANGE_LOOP_ANALYSIS = YES;
				CLANG_WARN_STRICT_PROTOTYPES = YES;
				CLANG_WARN_SUSPICIOUS_MOVE = YES;
				CLANG_WARN_UNGUARDED_AVAILABILITY = YES_AGGRESSIVE;
				CLANG_WARN_UNREACHABLE_CODE = YES;
				CLANG_WARN__DUPLICATE_METHOD_MATCH = YES;
				COPY_PHASE_STRIP = NO;
				DEBUG_INFORMATION_FORMAT = dwarf;
				ENABLE_STRICT_OBJC_MSGSEND = YES;
				ENABLE_TESTABILITY = YES;
				ENABLE_USER_SCRIPT_SANDBOXING = YES;
				GCC_C_LANGUAGE_STANDARD = gnu17;
				GCC_DYNAMIC_NO_PIC = NO;
				GCC_NO_COMMON_BLOCKS = YES;
				GCC_OPTIMIZATION_LEVEL = 0;
				GCC_PREPROCESSOR_DEFINITIONS = (
					"DEBUG=1",
					"$(inherited)",
				);
				GCC_WARN_64_TO_32_BIT_CONVERSION = YES;
				GCC_WARN_ABOUT_RETURN_TYPE = YES_ERROR;
				GCC_WARN_UNDECLARED_SELECTOR = YES;
				GCC_WARN_UNINITIALIZED_AUTOS = YES_AGGRESSIVE;
				GCC_WARN_UNUSED_FUNCTION = YES;
				GCC_WARN_UNUSED_VARIABLE = YES;
				IPHONEOS_DEPLOYMENT_TARGET = 18.0;
				LOCALIZATION_PREFERS_STRING_CATALOGS = YES;
				MTL_ENABLE_DEBUG_INFO = INCLUDE_SOURCE;
				MTL_FAST_MATH = YES;
				ONLY_ACTIVE_ARCH = YES;
				SDKROOT = iphoneos;
				SWIFT_ACTIVE_COMPILATION_CONDITIONS = "DEBUG $(inherited)";
				SWIFT_OPTIMIZATION_LEVEL = "-Onone";
			};
			name = Debug;
		};
		900658F22CB928D5003B5A9B /* Release */ = {
			isa = XCBuildConfiguration;
			buildSettings = {
				ALWAYS_SEARCH_USER_PATHS = NO;
				ASSETCATALOG_COMPILER_GENERATE_SWIFT_ASSET_SYMBOL_EXTENSIONS = YES;
				CLANG_ANALYZER_NONNULL = YES;
				CLANG_ANALYZER_NUMBER_OBJECT_CONVERSION = YES_AGGRESSIVE;
				CLANG_CXX_LANGUAGE_STANDARD = "gnu++20";
				CLANG_ENABLE_MODULES = YES;
				CLANG_ENABLE_OBJC_ARC = YES;
				CLANG_ENABLE_OBJC_WEAK = YES;
				CLANG_WARN_BLOCK_CAPTURE_AUTORELEASING = YES;
				CLANG_WARN_BOOL_CONVERSION = YES;
				CLANG_WARN_COMMA = YES;
				CLANG_WARN_CONSTANT_CONVERSION = YES;
				CLANG_WARN_DEPRECATED_OBJC_IMPLEMENTATIONS = YES;
				CLANG_WARN_DIRECT_OBJC_ISA_USAGE = YES_ERROR;
				CLANG_WARN_DOCUMENTATION_COMMENTS = YES;
				CLANG_WARN_EMPTY_BODY = YES;
				CLANG_WARN_ENUM_CONVERSION = YES;
				CLANG_WARN_INFINITE_RECURSION = YES;
				CLANG_WARN_INT_CONVERSION = YES;
				CLANG_WARN_NON_LITERAL_NULL_CONVERSION = YES;
				CLANG_WARN_OBJC_IMPLICIT_RETAIN_SELF = YES;
				CLANG_WARN_OBJC_LITERAL_CONVERSION = YES;
				CLANG_WARN_OBJC_ROOT_CLASS = YES_ERROR;
				CLANG_WARN_QUOTED_INCLUDE_IN_FRAMEWORK_HEADER = YES;
				CLANG_WARN_RANGE_LOOP_ANALYSIS = YES;
				CLANG_WARN_STRICT_PROTOTYPES = YES;
				CLANG_WARN_SUSPICIOUS_MOVE = YES;
				CLANG_WARN_UNGUARDED_AVAILABILITY = YES_AGGRESSIVE;
				CLANG_WARN_UNREACHABLE_CODE = YES;
				CLANG_WARN__DUPLICATE_METHOD_MATCH = YES;
				COPY_PHASE_STRIP = NO;
				DEBUG_INFORMATION_FORMAT = "dwarf-with-dsym";
				ENABLE_NS_ASSERTIONS = NO;
				ENABLE_STRICT_OBJC_MSGSEND = YES;
				ENABLE_USER_SCRIPT_SANDBOXING = YES;
				GCC_C_LANGUAGE_STANDARD = gnu17;
				GCC_NO_COMMON_BLOCKS = YES;
				GCC_WARN_64_TO_32_BIT_CONVERSION = YES;
				GCC_WARN_ABOUT_RETURN_TYPE = YES_ERROR;
				GCC_WARN_UNDECLARED_SELECTOR = YES;
				GCC_WARN_UNINITIALIZED_AUTOS = YES_AGGRESSIVE;
				GCC_WARN_UNUSED_FUNCTION = YES;
				GCC_WARN_UNUSED_VARIABLE = YES;
				IPHONEOS_DEPLOYMENT_TARGET = 18.0;
				LOCALIZATION_PREFERS_STRING_CATALOGS = YES;
				MTL_ENABLE_DEBUG_INFO = NO;
				MTL_FAST_MATH = YES;
				SDKROOT = iphoneos;
				SWIFT_COMPILATION_MODE = wholemodule;
				VALIDATE_PRODUCT = YES;
			};
			name = Release;
		};
		900658F42CB928D5003B5A9B /* Debug */ = {
			isa = XCBuildConfiguration;
			buildSettings = {
				BUNDLE_LOADER = "$(TEST_HOST)";
				CODE_SIGN_STYLE = Automatic;
				CURRENT_PROJECT_VERSION = 1;
				GENERATE_INFOPLIST_FILE = YES;
				IPHONEOS_DEPLOYMENT_TARGET = 18.0;
				MARKETING_VERSION = 1.0;
				PRODUCT_BUNDLE_IDENTIFIER = "-223.splashscreenTests";
				PRODUCT_NAME = "$(TARGET_NAME)";
				SWIFT_EMIT_LOC_STRINGS = NO;
				SWIFT_VERSION = 5.0;
				TARGETED_DEVICE_FAMILY = "1,2";
				TEST_HOST = "$(BUILT_PRODUCTS_DIR)/splashscreen.app/$(BUNDLE_EXECUTABLE_FOLDER_PATH)/splashscreen";
			};
			name = Debug;
		};
		900658F52CB928D5003B5A9B /* Release */ = {
			isa = XCBuildConfiguration;
			buildSettings = {
				BUNDLE_LOADER = "$(TEST_HOST)";
				CODE_SIGN_STYLE = Automatic;
				CURRENT_PROJECT_VERSION = 1;
				GENERATE_INFOPLIST_FILE = YES;
				IPHONEOS_DEPLOYMENT_TARGET = 18.0;
				MARKETING_VERSION = 1.0;
				PRODUCT_BUNDLE_IDENTIFIER = "-223.splashscreenTests";
				PRODUCT_NAME = "$(TARGET_NAME)";
				SWIFT_EMIT_LOC_STRINGS = NO;
				SWIFT_VERSION = 5.0;
				TARGETED_DEVICE_FAMILY = "1,2";
				TEST_HOST = "$(BUILT_PRODUCTS_DIR)/splashscreen.app/$(BUNDLE_EXECUTABLE_FOLDER_PATH)/splashscreen";
			};
			name = Release;
		};
		900658F72CB928D5003B5A9B /* Debug */ = {
			isa = XCBuildConfiguration;
			buildSettings = {
				CODE_SIGN_STYLE = Automatic;
				CURRENT_PROJECT_VERSION = 1;
				GENERATE_INFOPLIST_FILE = YES;
				MARKETING_VERSION = 1.0;
				PRODUCT_BUNDLE_IDENTIFIER = "-223.splashscreenUITests";
				PRODUCT_NAME = "$(TARGET_NAME)";
				SWIFT_EMIT_LOC_STRINGS = NO;
				SWIFT_VERSION = 5.0;
				TARGETED_DEVICE_FAMILY = "1,2";
				TEST_TARGET_NAME = splashscreen;
			};
			name = Debug;
		};
		900658F82CB928D5003B5A9B /* Release */ = {
			isa = XCBuildConfiguration;
			buildSettings = {
				CODE_SIGN_STYLE = Automatic;
				CURRENT_PROJECT_VERSION = 1;
				GENERATE_INFOPLIST_FILE = YES;
				MARKETING_VERSION = 1.0;
				PRODUCT_BUNDLE_IDENTIFIER = "-223.splashscreenUITests";
				PRODUCT_NAME = "$(TARGET_NAME)";
				SWIFT_EMIT_LOC_STRINGS = NO;
				SWIFT_VERSION = 5.0;
				TARGETED_DEVICE_FAMILY = "1,2";
				TEST_TARGET_NAME = splashscreen;
			};
			name = Release;
		};
/* End XCBuildConfiguration section */

/* Begin XCConfigurationList section */
		900658C02CB928D4003B5A9B /* Build configuration list for PBXProject "splashscreen" */ = {
			isa = XCConfigurationList;
			buildConfigurations = (
				900658F12CB928D5003B5A9B /* Debug */,
				900658F22CB928D5003B5A9B /* Release */,
			);
			defaultConfigurationIsVisible = 0;
			defaultConfigurationName = Release;
		};
		900658EE2CB928D5003B5A9B /* Build configuration list for PBXNativeTarget "splashscreen" */ = {
			isa = XCConfigurationList;
			buildConfigurations = (
				900658EF2CB928D5003B5A9B /* Debug */,
				900658F02CB928D5003B5A9B /* Release */,
			);
			defaultConfigurationIsVisible = 0;
			defaultConfigurationName = Release;
		};
		900658F32CB928D5003B5A9B /* Build configuration list for PBXNativeTarget "splashscreenTests" */ = {
			isa = XCConfigurationList;
			buildConfigurations = (
				900658F42CB928D5003B5A9B /* Debug */,
				900658F52CB928D5003B5A9B /* Release */,
			);
			defaultConfigurationIsVisible = 0;
			defaultConfigurationName = Release;
		};
		900658F62CB928D5003B5A9B /* Build configuration list for PBXNativeTarget "splashscreenUITests" */ = {
			isa = XCConfigurationList;
			buildConfigurations = (
				900658F72CB928D5003B5A9B /* Debug */,
				900658F82CB928D5003B5A9B /* Release */,
			);
			defaultConfigurationIsVisible = 0;
			defaultConfigurationName = Release;
		};
/* End XCConfigurationList section */
	};
	rootObject = 900658BD2CB928D4003B5A9B /* Project object */;
}
